
Microsoft Visual Studio Solution File, Format Version 12.00
# Visual Studio Version 17
VisualStudioVersion = 17.7.34202.233
MinimumVisualStudioVersion = 10.0.40219.1
Project("{9A19103F-16F7-4668-BE54-9A1E7A4F7556}") = "Ilie_Adrian_Laurentiu_Lab2", "Ilie_Adrian_Laurentiu_Lab2.csproj", "{D4AF0822-A238-4B7B-895D-15FDD33B17B2}"
EndProject
Project("{FAE04EC0-301F-11D3-BF4B-00C04F79EFBC}") = "LibraryModel", "LibraryModel\LibraryModel.csproj", "{983D8AD8-AB68-408D-BDD5-43E27D3B5DC4}"
EndProject
Project("{FAE04EC0-301F-11D3-BF4B-00C04F79EFBC}") = "LibraryWebAPI", "LibraryWebAPI\LibraryWebAPI.csproj", "{F63681D4-7C09-43A9-9448-D9188D427B03}"
EndProject
Global
	GlobalSection(SolutionConfigurationPlatforms) = preSolution
		Debug|Any CPU = Debug|Any CPU
		Release|Any CPU = Release|Any CPU
	EndGlobalSection
	GlobalSection(ProjectConfigurationPlatforms) = postSolution
		{D4AF0822-A238-4B7B-895D-15FDD33B17B2}.Debug|Any CPU.ActiveCfg = Debug|Any CPU
		{D4AF0822-A238-4B7B-895D-15FDD33B17B2}.Debug|Any CPU.Build.0 = Debug|Any CPU
		{D4AF0822-A238-4B7B-895D-15FDD33B17B2}.Release|Any CPU.ActiveCfg = Release|Any CPU
		{D4AF0822-A238-4B7B-895D-15FDD33B17B2}.Release|Any CPU.Build.0 = Release|Any CPU
		{983D8AD8-AB68-408D-BDD5-43E27D3B5DC4}.Debug|Any CPU.ActiveCfg = Debug|Any CPU
		{983D8AD8-AB68-408D-BDD5-43E27D3B5DC4}.Debug|Any CPU.Build.0 = Debug|Any CPU
		{983D8AD8-AB68-408D-BDD5-43E27D3B5DC4}.Release|Any CPU.ActiveCfg = Release|Any CPU
		{983D8AD8-AB68-408D-BDD5-43E27D3B5DC4}.Release|Any CPU.Build.0 = Release|Any CPU
		{F63681D4-7C09-43A9-9448-D9188D427B03}.Debug|Any CPU.ActiveCfg = Debug|Any CPU
		{F63681D4-7C09-43A9-9448-D9188D427B03}.Debug|Any CPU.Build.0 = Debug|Any CPU
		{F63681D4-7C09-43A9-9448-D9188D427B03}.Release|Any CPU.ActiveCfg = Release|Any CPU
		{F63681D4-7C09-43A9-9448-D9188D427B03}.Release|Any CPU.Build.0 = Release|Any CPU
	EndGlobalSection
	GlobalSection(SolutionProperties) = preSolution
		HideSolutionNode = FALSE
	EndGlobalSection
	GlobalSection(ExtensibilityGlobals) = postSolution
		SolutionGuid = {658DE561-418B-483E-BCE5-EDF24D96A687}
	EndGlobalSection
EndGlobal
